
Microsoft Visual Studio Solution File, Format Version 12.00
# Visual Studio 15
VisualStudioVersion = 15.0.28307.106
MinimumVisualStudioVersion = 10.0.40219.1
Project("{FAE04EC0-301F-11D3-BF4B-00C04F79EFBC}") = "SchedulerApp", "SchedulerApp\SchedulerApp.csproj", "{13C3D3AE-4665-49E4-80CD-BC009D1ED68D}"
EndProject
Global
	GlobalSection(SolutionConfigurationPlatforms) = preSolution
		Debug|Any CPU = Debug|Any CPU
		Release|Any CPU = Release|Any CPU
	EndGlobalSection
	GlobalSection(ProjectConfigurationPlatforms) = postSolution
		{13C3D3AE-4665-49E4-80CD-BC009D1ED68D}.Debug|Any CPU.ActiveCfg = Debug|Any CPU
		{13C3D3AE-4665-49E4-80CD-BC009D1ED68D}.Debug|Any CPU.Build.0 = Debug|Any CPU
		{13C3D3AE-4665-49E4-80CD-BC009D1ED68D}.Release|Any CPU.ActiveCfg = Release|Any CPU
		{13C3D3AE-4665-49E4-80CD-BC009D1ED68D}.Release|Any CPU.Build.0 = Release|Any CPU
	EndGlobalSection
	GlobalSection(SolutionProperties) = preSolution
		HideSolutionNode = FALSE
	EndGlobalSection
	GlobalSection(ExtensibilityGlobals) = postSolution
		SolutionGuid = {CFA6CFCC-50E3-4A8E-A8AF-577FB7AB4977}
	EndGlobalSection
EndGlobal
