
Microsoft Visual Studio Solution File, Format Version 12.00
# Visual Studio Version 17
VisualStudioVersion = 17.0.32014.148
MinimumVisualStudioVersion = 10.0.40219.1
Project("{FAE04EC0-301F-11D3-BF4B-00C04F79EFBC}") = "SchedulerApp", "SchedulerApp\SchedulerApp.csproj", "{B741246B-2402-4BF6-9FDC-BF9111822A60}"
EndProject
Global
	GlobalSection(SolutionConfigurationPlatforms) = preSolution
		Debug|Any CPU = Debug|Any CPU
		Release|Any CPU = Release|Any CPU
	EndGlobalSection
	GlobalSection(ProjectConfigurationPlatforms) = postSolution
		{B741246B-2402-4BF6-9FDC-BF9111822A60}.Debug|Any CPU.ActiveCfg = Debug|Any CPU
		{B741246B-2402-4BF6-9FDC-BF9111822A60}.Debug|Any CPU.Build.0 = Debug|Any CPU
		{B741246B-2402-4BF6-9FDC-BF9111822A60}.Release|Any CPU.ActiveCfg = Release|Any CPU
		{B741246B-2402-4BF6-9FDC-BF9111822A60}.Release|Any CPU.Build.0 = Release|Any CPU
	EndGlobalSection
	GlobalSection(SolutionProperties) = preSolution
		HideSolutionNode = FALSE
	EndGlobalSection
	GlobalSection(ExtensibilityGlobals) = postSolution
		SolutionGuid = {840EC6D6-244C-4C4C-9100-93CD3708CA58}
	EndGlobalSection
EndGlobal
